
Microsoft Visual Studio Solution File, Format Version 12.00
# Visual Studio Version 17
VisualStudioVersion = 17.11.35222.181
MinimumVisualStudioVersion = 10.0.40219.1
Project("{FAE04EC0-301F-11D3-BF4B-00C04F79EFBC}") = "WorkWithText", "WorkWithText\WorkWithText.csproj", "{412BF57A-18F1-4AF9-B111-7FBAFF2CFB93}"
EndProject
Global
	GlobalSection(SolutionConfigurationPlatforms) = preSolution
		Debug|Any CPU = Debug|Any CPU
		Release|Any CPU = Release|Any CPU
	EndGlobalSection
	GlobalSection(ProjectConfigurationPlatforms) = postSolution
		{412BF57A-18F1-4AF9-B111-7FBAFF2CFB93}.Debug|Any CPU.ActiveCfg = Debug|Any CPU
		{412BF57A-18F1-4AF9-B111-7FBAFF2CFB93}.Debug|Any CPU.Build.0 = Debug|Any CPU
		{412BF57A-18F1-4AF9-B111-7FBAFF2CFB93}.Release|Any CPU.ActiveCfg = Release|Any CPU
		{412BF57A-18F1-4AF9-B111-7FBAFF2CFB93}.Release|Any CPU.Build.0 = Release|Any CPU
	EndGlobalSection
	GlobalSection(SolutionProperties) = preSolution
		HideSolutionNode = FALSE
	EndGlobalSection
	GlobalSection(ExtensibilityGlobals) = postSolution
		SolutionGuid = {951F21EF-B4D7-4663-8EE9-46109EBCA0C7}
	EndGlobalSection
EndGlobal
